
Microsoft Visual Studio Solution File, Format Version 12.00
# Visual Studio Version 17
VisualStudioVersion = 17.4.33122.133
MinimumVisualStudioVersion = 10.0.40219.1
Project("{FAE04EC0-301F-11D3-BF4B-00C04F79EFBC}") = "Hangman", "Hangman.csproj", "{EEC54483-AB5E-4351-967F-537A6F128B83}"
EndProject
Global
	GlobalSection(SolutionConfigurationPlatforms) = preSolution
		Debug|Any CPU = Debug|Any CPU
		Release|Any CPU = Release|Any CPU
	EndGlobalSection
	GlobalSection(ProjectConfigurationPlatforms) = postSolution
		{EEC54483-AB5E-4351-967F-537A6F128B83}.Debug|Any CPU.ActiveCfg = Debug|Any CPU
		{EEC54483-AB5E-4351-967F-537A6F128B83}.Debug|Any CPU.Build.0 = Debug|Any CPU
		{EEC54483-AB5E-4351-967F-537A6F128B83}.Release|Any CPU.ActiveCfg = Release|Any CPU
		{EEC54483-AB5E-4351-967F-537A6F128B83}.Release|Any CPU.Build.0 = Release|Any CPU
	EndGlobalSection
	GlobalSection(SolutionProperties) = preSolution
		HideSolutionNode = FALSE
	EndGlobalSection
	GlobalSection(ExtensibilityGlobals) = postSolution
		SolutionGuid = {240D5BE1-5DC4-4A00-9E0B-B3952E026FD7}
	EndGlobalSection
EndGlobal
